
Microsoft Visual Studio Solution File, Format Version 12.00
# Visual Studio Version 17
VisualStudioVersion = 17.12.35707.178 d17.12
MinimumVisualStudioVersion = 10.0.40219.1
Project("{FAE04EC0-301F-11D3-BF4B-00C04F79EFBC}") = "WorkingWithNumbers", "WorkingWithNumbers\WorkingWithNumbers.csproj", "{5AEFB46B-110D-4330-8EB7-40FFF165A4F5}"
EndProject
Project("{FAE04EC0-301F-11D3-BF4B-00C04F79EFBC}") = "WorkingWithText", "WorkingWithText\WorkingWithText.csproj", "{5B976DC8-4B5D-48A7-ACEF-0E4FA1CFBB98}"
EndProject
Project("{FAE04EC0-301F-11D3-BF4B-00C04F79EFBC}") = "WorkingWIthRegularExpressions", "WorkingWIthRegularExpressions\WorkingWIthRegularExpressions.csproj", "{AF243E0C-FA25-4EBB-AFC5-0D7AC2E060DF}"
EndProject
Project("{FAE04EC0-301F-11D3-BF4B-00C04F79EFBC}") = "WorkingWithCollections", "WorkingWithCollections\WorkingWithCollections.csproj", "{F1906850-2749-4C8D-8A7F-739DE36A3096}"
EndProject
Global
	GlobalSection(SolutionConfigurationPlatforms) = preSolution
		Debug|Any CPU = Debug|Any CPU
		Release|Any CPU = Release|Any CPU
	EndGlobalSection
	GlobalSection(ProjectConfigurationPlatforms) = postSolution
		{5AEFB46B-110D-4330-8EB7-40FFF165A4F5}.Debug|Any CPU.ActiveCfg = Debug|Any CPU
		{5AEFB46B-110D-4330-8EB7-40FFF165A4F5}.Debug|Any CPU.Build.0 = Debug|Any CPU
		{5AEFB46B-110D-4330-8EB7-40FFF165A4F5}.Release|Any CPU.ActiveCfg = Release|Any CPU
		{5AEFB46B-110D-4330-8EB7-40FFF165A4F5}.Release|Any CPU.Build.0 = Release|Any CPU
		{5B976DC8-4B5D-48A7-ACEF-0E4FA1CFBB98}.Debug|Any CPU.ActiveCfg = Debug|Any CPU
		{5B976DC8-4B5D-48A7-ACEF-0E4FA1CFBB98}.Debug|Any CPU.Build.0 = Debug|Any CPU
		{5B976DC8-4B5D-48A7-ACEF-0E4FA1CFBB98}.Release|Any CPU.ActiveCfg = Release|Any CPU
		{5B976DC8-4B5D-48A7-ACEF-0E4FA1CFBB98}.Release|Any CPU.Build.0 = Release|Any CPU
		{AF243E0C-FA25-4EBB-AFC5-0D7AC2E060DF}.Debug|Any CPU.ActiveCfg = Debug|Any CPU
		{AF243E0C-FA25-4EBB-AFC5-0D7AC2E060DF}.Debug|Any CPU.Build.0 = Debug|Any CPU
		{AF243E0C-FA25-4EBB-AFC5-0D7AC2E060DF}.Release|Any CPU.ActiveCfg = Release|Any CPU
		{AF243E0C-FA25-4EBB-AFC5-0D7AC2E060DF}.Release|Any CPU.Build.0 = Release|Any CPU
		{F1906850-2749-4C8D-8A7F-739DE36A3096}.Debug|Any CPU.ActiveCfg = Debug|Any CPU
		{F1906850-2749-4C8D-8A7F-739DE36A3096}.Debug|Any CPU.Build.0 = Debug|Any CPU
		{F1906850-2749-4C8D-8A7F-739DE36A3096}.Release|Any CPU.ActiveCfg = Release|Any CPU
		{F1906850-2749-4C8D-8A7F-739DE36A3096}.Release|Any CPU.Build.0 = Release|Any CPU
	EndGlobalSection
	GlobalSection(SolutionProperties) = preSolution
		HideSolutionNode = FALSE
	EndGlobalSection
EndGlobal
