
Microsoft Visual Studio Solution File, Format Version 12.00
# Visual Studio Version 17
VisualStudioVersion = 17.12.35707.178 d17.12
MinimumVisualStudioVersion = 10.0.40219.1
Project("{FAE04EC0-301F-11D3-BF4B-00C04F79EFBC}") = "LinqWithObjects", "LinqWithObjects\LinqWithObjects.csproj", "{FD91A311-D1A4-4151-BA09-D1EFF963ACAA}"
EndProject
Project("{FAE04EC0-301F-11D3-BF4B-00C04F79EFBC}") = "LinqWithEFCore", "LinqWithEFCore\LinqWithEFCore.csproj", "{A469885A-2489-4DF0-B461-0E2A8FD47D11}"
EndProject
Global
	GlobalSection(SolutionConfigurationPlatforms) = preSolution
		Debug|Any CPU = Debug|Any CPU
		Release|Any CPU = Release|Any CPU
	EndGlobalSection
	GlobalSection(ProjectConfigurationPlatforms) = postSolution
		{FD91A311-D1A4-4151-BA09-D1EFF963ACAA}.Debug|Any CPU.ActiveCfg = Debug|Any CPU
		{FD91A311-D1A4-4151-BA09-D1EFF963ACAA}.Debug|Any CPU.Build.0 = Debug|Any CPU
		{FD91A311-D1A4-4151-BA09-D1EFF963ACAA}.Release|Any CPU.ActiveCfg = Release|Any CPU
		{FD91A311-D1A4-4151-BA09-D1EFF963ACAA}.Release|Any CPU.Build.0 = Release|Any CPU
		{A469885A-2489-4DF0-B461-0E2A8FD47D11}.Debug|Any CPU.ActiveCfg = Debug|Any CPU
		{A469885A-2489-4DF0-B461-0E2A8FD47D11}.Debug|Any CPU.Build.0 = Debug|Any CPU
		{A469885A-2489-4DF0-B461-0E2A8FD47D11}.Release|Any CPU.ActiveCfg = Release|Any CPU
		{A469885A-2489-4DF0-B461-0E2A8FD47D11}.Release|Any CPU.Build.0 = Release|Any CPU
	EndGlobalSection
	GlobalSection(SolutionProperties) = preSolution
		HideSolutionNode = FALSE
	EndGlobalSection
EndGlobal
